<?xml version="1.0" encoding="utf-8"?>
<Project ToolsVersion="4.0" xmlns="http://schemas.microsoft.com/developer/msbuild/2003">
  <ItemGroup>
    <Filter Include="Source Files">
      <UniqueIdentifier>{4FC737F1-C7A5-4376-A066-2A32D752A2FF}</UniqueIdentifier>
      <Extensions>cpp;c;cc;cxx;def;odl;idl;hpj;bat;asm;asmx</Extensions>
    </Filter>
    <Filter Include="Header Files">
      <UniqueIdentifier>{93995380-89BD-4b04-88EB-625FBE52EBFB}</UniqueIdentifier>
      <Extensions>h;hh;hpp;hxx;hm;inl;inc;xsd</Extensions>
    </Filter>
    <Filter Include="Resource Files">
      <UniqueIdentifier>{67DA6AB6-F800-4c08-8B7A-83BB121AAD01}</UniqueIdentifier>
      <Extensions>rc;ico;cur;bmp;dlg;rc2;rct;bin;rgs;gif;jpg;jpeg;jpe;resx;tiff;tif;png;wav;mfcribbon-ms</Extensions>
    </Filter>
    <Filter Include="Header Files\graphic_includes">
      <UniqueIdentifier>{4c939a20-9dc6-4704-b51f-aeab211643c3}</UniqueIdentifier>
    </Filter>
    <Filter Include="Source Files\graphic_srcs">
      <UniqueIdentifier>{fe4560af-1861-4873-beb1-2a3fbba1dbf2}</UniqueIdentifier>
    </Filter>
  </ItemGroup>
  <ItemGroup>
    <ClInclude Include="include\ACharacter.hh">
      <Filter>Header Files</Filter>
    </ClInclude>
    <ClInclude Include="include\AGameController.hh">
      <Filter>Header Files</Filter>
    </ClInclude>
    <ClInclude Include="include\AGameElement.hh">
      <Filter>Header Files</Filter>
    </ClInclude>
    <ClInclude Include="include\AmmoFactory.hh">
      <Filter>Header Files</Filter>
    </ClInclude>
    <ClInclude Include="include\Ammunition.hh">
      <Filter>Header Files</Filter>
    </ClInclude>
    <ClInclude Include="include\AnimatedSprite.hh">
      <Filter>Header Files</Filter>
    </ClInclude>
    <ClInclude Include="include\Animation.hh">
      <Filter>Header Files</Filter>
    </ClInclude>
    <ClInclude Include="include\AssetManager.hh">
      <Filter>Header Files</Filter>
    </ClInclude>
    <ClInclude Include="include\Client_graphicUtils.hh">
      <Filter>Header Files</Filter>
    </ClInclude>
    <ClInclude Include="include\CollisionManager.hh">
      <Filter>Header Files</Filter>
    </ClInclude>
    <ClInclude Include="include\Ennemy.hh">
      <Filter>Header Files</Filter>
    </ClInclude>
    <ClInclude Include="include\EnnemyFactory.hh">
      <Filter>Header Files</Filter>
    </ClInclude>
    <ClInclude Include="include\FX.hh">
      <Filter>Header Files</Filter>
    </ClInclude>
    <ClInclude Include="include\GameDecor.hh">
      <Filter>Header Files</Filter>
    </ClInclude>
    <ClInclude Include="include\GameEngine.hh">
      <Filter>Header Files</Filter>
    </ClInclude>
    <ClInclude Include="include\GameMenu.hh">
      <Filter>Header Files</Filter>
    </ClInclude>
    <ClInclude Include="include\IInteractive.hh">
      <Filter>Header Files</Filter>
    </ClInclude>
    <ClInclude Include="include\MenuElement.hh">
      <Filter>Header Files</Filter>
    </ClInclude>
    <ClInclude Include="include\Player.hpp">
      <Filter>Header Files</Filter>
    </ClInclude>
    <ClInclude Include="include\PlayerController.hh">
      <Filter>Header Files</Filter>
    </ClInclude>
    <ClInclude Include="include\RessourceManager.hpp">
      <Filter>Header Files</Filter>
    </ClInclude>
    <ClInclude Include="include\SoundSystem.hh">
      <Filter>Header Files</Filter>
    </ClInclude>
    <ClInclude Include="include\SoundTrack.hh">
      <Filter>Header Files</Filter>
    </ClInclude>
    <ClInclude Include="resource.h">
      <Filter>Header Files</Filter>
    </ClInclude>
    <ClInclude Include="FXFactory.hh">
      <Filter>Header Files</Filter>
    </ClInclude>
    <ClInclude Include="AnimationFactory.hh">
      <Filter>Header Files</Filter>
    </ClInclude>
    <ClInclude Include="include\PlayerFactory.hh">
      <Filter>Header Files</Filter>
    </ClInclude>
    <ClInclude Include="include\Bonus.hh">
      <Filter>Header Files</Filter>
    </ClInclude>
    <ClInclude Include="include\BonusFactory.hh">
      <Filter>Header Files</Filter>
    </ClInclude>
  </ItemGroup>
  <ItemGroup>
    <ClCompile Include="src\ACharacter.cpp">
      <Filter>Source Files</Filter>
    </ClCompile>
    <ClCompile Include="src\AGameController.cpp">
      <Filter>Source Files</Filter>
    </ClCompile>
    <ClCompile Include="src\AGameElement.cpp">
      <Filter>Source Files</Filter>
    </ClCompile>
    <ClCompile Include="src\AmmoFactory.cpp">
      <Filter>Source Files</Filter>
    </ClCompile>
    <ClCompile Include="src\Ammunition.cpp">
      <Filter>Source Files</Filter>
    </ClCompile>
    <ClCompile Include="src\AnimatedSprite.cpp">
      <Filter>Source Files</Filter>
    </ClCompile>
    <ClCompile Include="src\Animation.cpp">
      <Filter>Source Files</Filter>
    </ClCompile>
    <ClCompile Include="src\AssetManager.cpp">
      <Filter>Source Files</Filter>
    </ClCompile>
    <ClCompile Include="src\CollisionManager.cpp">
      <Filter>Source Files</Filter>
    </ClCompile>
    <ClCompile Include="src\Ennemy.cpp">
      <Filter>Source Files</Filter>
    </ClCompile>
    <ClCompile Include="src\EnnemyFactory.cpp">
      <Filter>Source Files</Filter>
    </ClCompile>
    <ClCompile Include="src\FX.cpp">
      <Filter>Source Files</Filter>
    </ClCompile>
    <ClCompile Include="src\GameDecor.cpp">
      <Filter>Source Files</Filter>
    </ClCompile>
    <ClCompile Include="src\GameEngine.cpp">
      <Filter>Source Files</Filter>
    </ClCompile>
    <ClCompile Include="src\GameMenu.cpp">
      <Filter>Source Files</Filter>
    </ClCompile>
    <ClCompile Include="src\IInteractive.cpp">
      <Filter>Source Files</Filter>
    </ClCompile>
    <ClCompile Include="src\InitMenu.cpp">
      <Filter>Source Files</Filter>
    </ClCompile>
    <ClCompile Include="src\main.cpp">
      <Filter>Source Files</Filter>
    </ClCompile>
    <ClCompile Include="src\MenuElement.cpp">
      <Filter>Source Files</Filter>
    </ClCompile>
    <ClCompile Include="src\Player.cpp">
      <Filter>Source Files</Filter>
    </ClCompile>
    <ClCompile Include="src\PlayerController.cpp">
      <Filter>Source Files</Filter>
    </ClCompile>
    <ClCompile Include="src\SoundSystem.cpp">
      <Filter>Source Files</Filter>
    </ClCompile>
    <ClCompile Include="src\SoundTrack.cpp">
      <Filter>Source Files</Filter>
    </ClCompile>
    <ClCompile Include="FXFactory.cpp">
      <Filter>Source Files</Filter>
    </ClCompile>
    <ClCompile Include="AnimationFactory.cpp">
      <Filter>Source Files</Filter>
    </ClCompile>
    <ClCompile Include="src\PlayerFactory.cpp">
      <Filter>Source Files</Filter>
    </ClCompile>
    <ClCompile Include="src\Bonus.cpp">
      <Filter>Source Files</Filter>
    </ClCompile>
    <ClCompile Include="src\BonusFactory.cpp">
      <Filter>Source Files</Filter>
    </ClCompile>
  </ItemGroup>
  <ItemGroup>
    <ResourceCompile Include="Client.rc">
      <Filter>Resource Files</Filter>
    </ResourceCompile>
  </ItemGroup>
  <ItemGroup>
    <Image Include="assets\icons\rtype.ico">
      <Filter>Resource Files</Filter>
    </Image>
    <Image Include="assets\sprites\AlienShip.png">
      <Filter>Resource Files</Filter>
    </Image>
    <Image Include="assets\sprites\r-typesheet2.gif">
      <Filter>Resource Files</Filter>
    </Image>
    <Image Include="assets\icons\gameIcon.gif">
      <Filter>Resource Files</Filter>
    </Image>
    <Image Include="assets\icons\r-prototype.bmp.bmp">
      <Filter>Resource Files</Filter>
    </Image>
    <Image Include="assets\sprites\AudioBackground.jpeg">
      <Filter>Resource Files</Filter>
    </Image>
    <Image Include="assets\sprites\b9.png">
      <Filter>Resource Files</Filter>
    </Image>
    <Image Include="assets\sprites\backgrnd.jpg">
      <Filter>Resource Files</Filter>
    </Image>
    <Image Include="assets\sprites\bigGreenPlanet.png">
      <Filter>Resource Files</Filter>
    </Image>
    <Image Include="assets\sprites\cadran.png">
      <Filter>Resource Files</Filter>
    </Image>
    <Image Include="assets\sprites\coicle.png">
      <Filter>Resource Files</Filter>
    </Image>
    <Image Include="assets\sprites\destroyedPlanetBackground.jpg">
      <Filter>Resource Files</Filter>
    </Image>
    <Image Include="assets\sprites\emptyGlowGauge.png">
      <Filter>Resource Files</Filter>
    </Image>
    <Image Include="assets\sprites\Explosions.png">
      <Filter>Resource Files</Filter>
    </Image>
    <Image Include="assets\sprites\farback.gif">
      <Filter>Resource Files</Filter>
    </Image>
    <Image Include="assets\sprites\flyingSaucer.png">
      <Filter>Resource Files</Filter>
    </Image>
    <Image Include="assets\sprites\flyingSaucerSelector.png">
      <Filter>Resource Files</Filter>
    </Image>
    <Image Include="assets\sprites\fullGlowGauge.png">
      <Filter>Resource Files</Filter>
    </Image>
    <Image Include="assets\sprites\gameIcon.gif">
      <Filter>Resource Files</Filter>
    </Image>
    <Image Include="assets\sprites\glowtube.png">
      <Filter>Resource Files</Filter>
    </Image>
    <Image Include="assets\sprites\glowtube2.png">
      <Filter>Resource Files</Filter>
    </Image>
    <Image Include="assets\sprites\hbar.png">
      <Filter>Resource Files</Filter>
    </Image>
    <Image Include="assets\sprites\hunter.png">
      <Filter>Resource Files</Filter>
    </Image>
    <Image Include="assets\sprites\InputField.png">
      <Filter>Resource Files</Filter>
    </Image>
    <Image Include="assets\sprites\left_hbar.png">
      <Filter>Resource Files</Filter>
    </Image>
    <Image Include="assets\sprites\lifebar.png">
      <Filter>Resource Files</Filter>
    </Image>
    <Image Include="assets\sprites\littleDestroyedPlanet.png">
      <Filter>Resource Files</Filter>
    </Image>
    <Image Include="assets\sprites\littlePlanet.png">
      <Filter>Resource Files</Filter>
    </Image>
    <Image Include="assets\sprites\MainMenu.jpg">
      <Filter>Resource Files</Filter>
    </Image>
    <Image Include="assets\sprites\menubckgrnd2.png">
      <Filter>Resource Files</Filter>
    </Image>
    <Image Include="assets\sprites\minigun.png">
      <Filter>Resource Files</Filter>
    </Image>
    <Image Include="assets\sprites\missile.gif">
      <Filter>Resource Files</Filter>
    </Image>
    <Image Include="assets\sprites\missile.jpg">
      <Filter>Resource Files</Filter>
    </Image>
    <Image Include="assets\sprites\optionMenuBackground.jpg">
      <Filter>Resource Files</Filter>
    </Image>
    <Image Include="assets\sprites\planet.png">
      <Filter>Resource Files</Filter>
    </Image>
    <Image Include="assets\sprites\plasma.png">
      <Filter>Resource Files</Filter>
    </Image>
    <Image Include="assets\sprites\rocket.png">
      <Filter>Resource Files</Filter>
    </Image>
    <Image Include="assets\sprites\r-typesheet1.gif">
      <Filter>Resource Files</Filter>
    </Image>
    <Image Include="assets\sprites\r-typesheet3.gif">
      <Filter>Resource Files</Filter>
    </Image>
    <Image Include="assets\sprites\r-typesheet5.gif">
      <Filter>Resource Files</Filter>
    </Image>
    <Image Include="assets\sprites\r-typesheet7.gif">
      <Filter>Resource Files</Filter>
    </Image>
    <Image Include="assets\sprites\r-typesheet8.gif">
      <Filter>Resource Files</Filter>
    </Image>
    <Image Include="assets\sprites\r-typesheet9.gif">
      <Filter>Resource Files</Filter>
    </Image>
    <Image Include="assets\sprites\r-typesheet10.gif">
      <Filter>Resource Files</Filter>
    </Image>
    <Image Include="assets\sprites\r-typesheet11.gif">
      <Filter>Resource Files</Filter>
    </Image>
    <Image Include="assets\sprites\r-typesheet12.gif">
      <Filter>Resource Files</Filter>
    </Image>
    <Image Include="assets\sprites\r-typesheet13.gif">
      <Filter>Resource Files</Filter>
    </Image>
    <Image Include="assets\sprites\r-typesheet14.gif">
      <Filter>Resource Files</Filter>
    </Image>
    <Image Include="assets\sprites\r-typesheet16.gif">
      <Filter>Resource Files</Filter>
    </Image>
    <Image Include="assets\sprites\r-typesheet17.gif">
      <Filter>Resource Files</Filter>
    </Image>
    <Image Include="assets\sprites\r-typesheet18.gif">
      <Filter>Resource Files</Filter>
    </Image>
    <Image Include="assets\sprites\r-typesheet19.gif">
      <Filter>Resource Files</Filter>
    </Image>
    <Image Include="assets\sprites\r-typesheet20.gif">
      <Filter>Resource Files</Filter>
    </Image>
    <Image Include="assets\sprites\r-typesheet21.gif">
      <Filter>Resource Files</Filter>
    </Image>
    <Image Include="assets\sprites\r-typesheet22.gif">
      <Filter>Resource Files</Filter>
    </Image>
    <Image Include="assets\sprites\r-typesheet23.gif">
      <Filter>Resource Files</Filter>
    </Image>
    <Image Include="assets\sprites\r-typesheet24.gif">
      <Filter>Resource Files</Filter>
    </Image>
    <Image Include="assets\sprites\r-typesheet25.gif">
      <Filter>Resource Files</Filter>
    </Image>
    <Image Include="assets\sprites\r-typesheet26.gif">
      <Filter>Resource Files</Filter>
    </Image>
    <Image Include="assets\sprites\r-typesheet27.gif">
      <Filter>Resource Files</Filter>
    </Image>
    <Image Include="assets\sprites\r-typesheet28.gif">
      <Filter>Resource Files</Filter>
    </Image>
    <Image Include="assets\sprites\r-typesheet29.gif">
      <Filter>Resource Files</Filter>
    </Image>
    <Image Include="assets\sprites\r-typesheet30.gif">
      <Filter>Resource Files</Filter>
    </Image>
    <Image Include="assets\sprites\r-typesheet30a.gif">
      <Filter>Resource Files</Filter>
    </Image>
    <Image Include="assets\sprites\r-typesheet31.gif">
      <Filter>Resource Files</Filter>
    </Image>
    <Image Include="assets\sprites\r-typesheet32.gif">
      <Filter>Resource Files</Filter>
    </Image>
    <Image Include="assets\sprites\r-typesheet33.gif">
      <Filter>Resource Files</Filter>
    </Image>
    <Image Include="assets\sprites\r-typesheet34.gif">
      <Filter>Resource Files</Filter>
    </Image>
    <Image Include="assets\sprites\r-typesheet35.gif">
      <Filter>Resource Files</Filter>
    </Image>
    <Image Include="assets\sprites\r-typesheet36.gif">
      <Filter>Resource Files</Filter>
    </Image>
    <Image Include="assets\sprites\r-typesheet37.gif">
      <Filter>Resource Files</Filter>
    </Image>
    <Image Include="assets\sprites\r-typesheet38.gif">
      <Filter>Resource Files</Filter>
    </Image>
    <Image Include="assets\sprites\r-typesheet39.gif">
      <Filter>Resource Files</Filter>
    </Image>
    <Image Include="assets\sprites\r-typesheet40.gif">
      <Filter>Resource Files</Filter>
    </Image>
    <Image Include="assets\sprites\r-typesheet41.gif">
      <Filter>Resource Files</Filter>
    </Image>
    <Image Include="assets\sprites\r-typesheet42.gif">
      <Filter>Resource Files</Filter>
    </Image>
    <Image Include="assets\sprites\r-typesheet43.gif">
      <Filter>Resource Files</Filter>
    </Image>
    <Image Include="assets\sprites\r-typesheet44.gif">
      <Filter>Resource Files</Filter>
    </Image>
    <Image Include="assets\sprites\shadedblueButton.jpg">
      <Filter>Resource Files</Filter>
    </Image>
    <Image Include="assets\sprites\shadedblueButton.png">
      <Filter>Resource Files</Filter>
    </Image>
    <Image Include="assets\sprites\SNES - Contra 3 The Alien Wars - Alien Ship.png">
      <Filter>Resource Files</Filter>
    </Image>
    <Image Include="assets\sprites\SpaceHunterSelector.png">
      <Filter>Resource Files</Filter>
    </Image>
    <Image Include="assets\sprites\starfield1.png">
      <Filter>Resource Files</Filter>
    </Image>
    <Image Include="assets\sprites\starfield2.png">
      <Filter>Resource Files</Filter>
    </Image>
    <Image Include="assets\sprites\starybackgrnd.jpg">
      <Filter>Resource Files</Filter>
    </Image>
    <Image Include="assets\sprites\title.png">
      <Filter>Resource Files</Filter>
    </Image>
    <Image Include="assets\sprites\transparent.png">
      <Filter>Resource Files</Filter>
    </Image>
    <Image Include="assets\sprites\UFO.png">
      <Filter>Resource Files</Filter>
    </Image>
    <Image Include="assets\sprites\ufoSelector.png">
      <Filter>Resource Files</Filter>
    </Image>
    <Image Include="assets\sprites\bubbleShield.png">
      <Filter>Resource Files</Filter>
    </Image>
    <Image Include="assets\sprites\atom.png">
      <Filter>Resource Files</Filter>
    </Image>
    <Image Include="assets\sprites\HBomb - Copie.png">
      <Filter>Resource Files</Filter>
    </Image>
    <Image Include="assets\sprites\HBomb.png">
      <Filter>Resource Files</Filter>
    </Image>
    <Image Include="assets\sprites\plasmaBoom - Copie.png">
      <Filter>Resource Files</Filter>
    </Image>
    <Image Include="assets\sprites\plasmaBoom.png">
      <Filter>Resource Files</Filter>
    </Image>
    <Image Include="assets\sprites\player2Selector.png">
      <Filter>Resource Files</Filter>
    </Image>
    <Image Include="assets\sprites\shield.jpg">
      <Filter>Resource Files</Filter>
    </Image>
  </ItemGroup>
  <ItemGroup>
    <Font Include="assets\fonts\freedom.ttf" />
    <Font Include="assets\fonts\font.ttf" />
    <Font Include="assets\fonts\nullShock.ttf" />
    <Font Include="assets\fonts\zian.ttf" />
  </ItemGroup>
  <ItemGroup>
    <Media Include="assets\audio\effects\bigExplosion.wav">
      <Filter>Resource Files</Filter>
    </Media>
    <Media Include="assets\audio\effects\blop.wav">
      <Filter>Resource Files</Filter>
    </Media>
    <Media Include="assets\audio\effects\Missle_Launch-Kibblesbob-2118796725.mp3" />
    <Media Include="assets\audio\effects\pulseShot.wav">
      <Filter>Resource Files</Filter>
    </Media>
    <Media Include="assets\audio\effects\rocket.wav">
      <Filter>Resource Files</Filter>
    </Media>
    <Media Include="assets\audio\music\menuMusic.mp3" />
    <Media Include="assets\audio\music\menuMusic.wav">
      <Filter>Resource Files</Filter>
    </Media>
    <Media Include="assets\audio\music\sound1.wav">
      <Filter>Resource Files</Filter>
    </Media>
    <Media Include="assets\audio\music\unity.wav">
      <Filter>Resource Files</Filter>
    </Media>
    <Media Include="assets\audio\effects\speedBonus.wav">
      <Filter>Resource Files</Filter>
    </Media>
  </ItemGroup>
  <ItemGroup>
    <None Include="assets\audio\effects\BigExplosion.zip" />
    <None Include="Makefile" />
  </ItemGroup>
</Project>