<?xml version="1.0" encoding="utf-8"?>
<Project ToolsVersion="4.0" xmlns="http://schemas.microsoft.com/developer/msbuild/2003">
  <ItemGroup>
    <Filter Include="Source Files">
      <UniqueIdentifier>{4FC737F1-C7A5-4376-A066-2A32D752A2FF}</UniqueIdentifier>
      <Extensions>cpp;c;cc;cxx;def;odl;idl;hpj;bat;asm;asmx</Extensions>
    </Filter>
    <Filter Include="Header Files">
      <UniqueIdentifier>{93995380-89BD-4b04-88EB-625FBE52EBFB}</UniqueIdentifier>
      <Extensions>h;hh;hpp;hxx;hm;inl;inc;xsd</Extensions>
    </Filter>
    <Filter Include="Resource Files">
      <UniqueIdentifier>{67DA6AB6-F800-4c08-8B7A-83BB121AAD01}</UniqueIdentifier>
      <Extensions>rc;ico;cur;bmp;dlg;rc2;rct;bin;rgs;gif;jpg;jpeg;jpe;resx;tiff;tif;png;wav;mfcribbon-ms</Extensions>
    </Filter>
    <Filter Include="Header Files\graphic_includes">
      <UniqueIdentifier>{4c939a20-9dc6-4704-b51f-aeab211643c3}</UniqueIdentifier>
    </Filter>
    <Filter Include="Source Files\graphic_srcs">
      <UniqueIdentifier>{fe4560af-1861-4873-beb1-2a3fbba1dbf2}</UniqueIdentifier>
    </Filter>
  </ItemGroup>
  <ItemGroup>
    <ClInclude Include="include\ACharacter.hh">
      <Filter>Header Files</Filter>
    </ClInclude>
    <ClInclude Include="include\AGameController.hh">
      <Filter>Header Files</Filter>
    </ClInclude>
    <ClInclude Include="include\AGameElement.hh">
      <Filter>Header Files</Filter>
    </ClInclude>
    <ClInclude Include="include\AmmoFactory.hh">
      <Filter>Header Files</Filter>
    </ClInclude>
    <ClInclude Include="include\Ammunition.hh">
      <Filter>Header Files</Filter>
    </ClInclude>
    <ClInclude Include="include\AnimatedSprite.hh">
      <Filter>Header Files</Filter>
    </ClInclude>
    <ClInclude Include="include\Animation.hh">
      <Filter>Header Files</Filter>
    </ClInclude>
    <ClInclude Include="include\AssetManager.hh">
      <Filter>Header Files</Filter>
    </ClInclude>
    <ClInclude Include="include\Client_graphicUtils.hh">
      <Filter>Header Files</Filter>
    </ClInclude>
    <ClInclude Include="include\CollisionManager.hh">
      <Filter>Header Files</Filter>
    </ClInclude>
    <ClInclude Include="include\Ennemy.hh">
      <Filter>Header Files</Filter>
    </ClInclude>
    <ClInclude Include="include\EnnemyFactory.hh">
      <Filter>Header Files</Filter>
    </ClInclude>
    <ClInclude Include="include\FX.hh">
      <Filter>Header Files</Filter>
    </ClInclude>
    <ClInclude Include="include\GameDecor.hh">
      <Filter>Header Files</Filter>
    </ClInclude>
    <ClInclude Include="include\GameEngine.hh">
      <Filter>Header Files</Filter>
    </ClInclude>
    <ClInclude Include="include\GameMenu.hh">
      <Filter>Header Files</Filter>
    </ClInclude>
    <ClInclude Include="include\IInteractive.hh">
      <Filter>Header Files</Filter>
    </ClInclude>
    <ClInclude Include="include\MenuElement.hh">
      <Filter>Header Files</Filter>
    </ClInclude>
    <ClInclude Include="include\Player.hpp">
      <Filter>Header Files</Filter>
    </ClInclude>
    <ClInclude Include="include\PlayerController.hh">
      <Filter>Header Files</Filter>
    </ClInclude>
    <ClInclude Include="include\RessourceManager.hpp">
      <Filter>Header Files</Filter>
    </ClInclude>
    <ClInclude Include="include\SoundSystem.hh">
      <Filter>Header Files</Filter>
    </ClInclude>
    <ClInclude Include="include\SoundTrack.hh">
      <Filter>Header Files</Filter>
    </ClInclude>
    <ClInclude Include="resource.h">
      <Filter>Header Files</Filter>
    </ClInclude>
  </ItemGroup>
  <ItemGroup>
    <ClCompile Include="src\ACharacter.cpp">
      <Filter>Source Files</Filter>
    </ClCompile>
    <ClCompile Include="src\AGameController.cpp">
      <Filter>Source Files</Filter>
    </ClCompile>
    <ClCompile Include="src\AGameElement.cpp">
      <Filter>Source Files</Filter>
    </ClCompile>
    <ClCompile Include="src\AmmoFactory.cpp">
      <Filter>Source Files</Filter>
    </ClCompile>
    <ClCompile Include="src\Ammunition.cpp">
      <Filter>Source Files</Filter>
    </ClCompile>
    <ClCompile Include="src\AnimatedSprite.cpp">
      <Filter>Source Files</Filter>
    </ClCompile>
    <ClCompile Include="src\Animation.cpp">
      <Filter>Source Files</Filter>
    </ClCompile>
    <ClCompile Include="src\AssetManager.cpp">
      <Filter>Source Files</Filter>
    </ClCompile>
    <ClCompile Include="src\CollisionManager.cpp">
      <Filter>Source Files</Filter>
    </ClCompile>
    <ClCompile Include="src\Ennemy.cpp">
      <Filter>Source Files</Filter>
    </ClCompile>
    <ClCompile Include="src\EnnemyFactory.cpp">
      <Filter>Source Files</Filter>
    </ClCompile>
    <ClCompile Include="src\FX.cpp">
      <Filter>Source Files</Filter>
    </ClCompile>
    <ClCompile Include="src\GameDecor.cpp">
      <Filter>Source Files</Filter>
    </ClCompile>
    <ClCompile Include="src\GameEngine.cpp">
      <Filter>Source Files</Filter>
    </ClCompile>
    <ClCompile Include="src\GameMenu.cpp">
      <Filter>Source Files</Filter>
    </ClCompile>
    <ClCompile Include="src\IInteractive.cpp">
      <Filter>Source Files</Filter>
    </ClCompile>
    <ClCompile Include="src\InitMenu.cpp">
      <Filter>Source Files</Filter>
    </ClCompile>
    <ClCompile Include="src\main.cpp">
      <Filter>Source Files</Filter>
    </ClCompile>
    <ClCompile Include="src\MenuElement.cpp">
      <Filter>Source Files</Filter>
    </ClCompile>
    <ClCompile Include="src\Player.cpp">
      <Filter>Source Files</Filter>
    </ClCompile>
    <ClCompile Include="src\PlayerController.cpp">
      <Filter>Source Files</Filter>
    </ClCompile>
    <ClCompile Include="src\SoundSystem.cpp">
      <Filter>Source Files</Filter>
    </ClCompile>
    <ClCompile Include="src\SoundTrack.cpp">
      <Filter>Source Files</Filter>
    </ClCompile>
  </ItemGroup>
  <ItemGroup>
    <ResourceCompile Include="Client.rc">
      <Filter>Resource Files</Filter>
    </ResourceCompile>
  </ItemGroup>
  <ItemGroup>
    <Image Include="assets\icons\rtype.ico">
      <Filter>Resource Files</Filter>
    </Image>
  </ItemGroup>
</Project>